
Microsoft Visual Studio Solution File, Format Version 12.00
# Visual Studio Version 16
VisualStudioVersion = 16.0.30105.148
MinimumVisualStudioVersion = 10.0.40219.1
Project("{9A19103F-16F7-4668-BE54-9A1E7A4F7556}") = "BlazorAppTelerikGridSkipBug", "BlazorAppTelerikGridSkipBug.csproj", "{D97906C8-C383-488A-A6C7-DAE79CB30816}"
EndProject
Global
	GlobalSection(SolutionConfigurationPlatforms) = preSolution
		Debug|Any CPU = Debug|Any CPU
		Release|Any CPU = Release|Any CPU
	EndGlobalSection
	GlobalSection(ProjectConfigurationPlatforms) = postSolution
		{D97906C8-C383-488A-A6C7-DAE79CB30816}.Debug|Any CPU.ActiveCfg = Debug|Any CPU
		{D97906C8-C383-488A-A6C7-DAE79CB30816}.Debug|Any CPU.Build.0 = Debug|Any CPU
		{D97906C8-C383-488A-A6C7-DAE79CB30816}.Release|Any CPU.ActiveCfg = Release|Any CPU
		{D97906C8-C383-488A-A6C7-DAE79CB30816}.Release|Any CPU.Build.0 = Release|Any CPU
	EndGlobalSection
	GlobalSection(SolutionProperties) = preSolution
		HideSolutionNode = FALSE
	EndGlobalSection
	GlobalSection(ExtensibilityGlobals) = postSolution
		SolutionGuid = {7403FB0F-9811-4A7A-A41D-6BD0AC468D3A}
	EndGlobalSection
EndGlobal
